
Microsoft Visual Studio Solution File, Format Version 12.00
# Visual Studio Version 17
VisualStudioVersion = 17.13.35913.81 d17.13
MinimumVisualStudioVersion = 10.0.40219.1
Project("{FAE04EC0-301F-11D3-BF4B-00C04F79EFBC}") = "porydok", "porydok\porydok.csproj", "{82E4D548-14BC-472E-8639-4E3E5E218FA2}"
EndProject
Global
	GlobalSection(SolutionConfigurationPlatforms) = preSolution
		Debug|Any CPU = Debug|Any CPU
		Release|Any CPU = Release|Any CPU
	EndGlobalSection
	GlobalSection(ProjectConfigurationPlatforms) = postSolution
		{82E4D548-14BC-472E-8639-4E3E5E218FA2}.Debug|Any CPU.ActiveCfg = Debug|Any CPU
		{82E4D548-14BC-472E-8639-4E3E5E218FA2}.Debug|Any CPU.Build.0 = Debug|Any CPU
		{82E4D548-14BC-472E-8639-4E3E5E218FA2}.Release|Any CPU.ActiveCfg = Release|Any CPU
		{82E4D548-14BC-472E-8639-4E3E5E218FA2}.Release|Any CPU.Build.0 = Release|Any CPU
	EndGlobalSection
	GlobalSection(SolutionProperties) = preSolution
		HideSolutionNode = FALSE
	EndGlobalSection
	GlobalSection(ExtensibilityGlobals) = postSolution
		SolutionGuid = {540FC23E-E1DE-4AA9-BD55-B26072E9071B}
	EndGlobalSection
EndGlobal
